
Microsoft Visual Studio Solution File, Format Version 12.00
# Visual Studio 15
VisualStudioVersion = 15.0.28010.2046
MinimumVisualStudioVersion = 10.0.40219.1
Project("{8BC9CEB8-8B4A-11D0-8D11-00A0C91BC942}") = "HW", "HW\HW.vcxproj", "{3674A824-C7C7-4F71-BD17-C37FD350D9E8}"
EndProject
Global
	GlobalSection(SolutionConfigurationPlatforms) = preSolution
		Debug|x64 = Debug|x64
		Debug|x86 = Debug|x86
		Release|x64 = Release|x64
		Release|x86 = Release|x86
	EndGlobalSection
	GlobalSection(ProjectConfigurationPlatforms) = postSolution
		{3674A824-C7C7-4F71-BD17-C37FD350D9E8}.Debug|x64.ActiveCfg = Debug|x64
		{3674A824-C7C7-4F71-BD17-C37FD350D9E8}.Debug|x64.Build.0 = Debug|x64
		{3674A824-C7C7-4F71-BD17-C37FD350D9E8}.Debug|x86.ActiveCfg = Debug|Win32
		{3674A824-C7C7-4F71-BD17-C37FD350D9E8}.Debug|x86.Build.0 = Debug|Win32
		{3674A824-C7C7-4F71-BD17-C37FD350D9E8}.Release|x64.ActiveCfg = Release|x64
		{3674A824-C7C7-4F71-BD17-C37FD350D9E8}.Release|x64.Build.0 = Release|x64
		{3674A824-C7C7-4F71-BD17-C37FD350D9E8}.Release|x86.ActiveCfg = Release|Win32
		{3674A824-C7C7-4F71-BD17-C37FD350D9E8}.Release|x86.Build.0 = Release|Win32
	EndGlobalSection
	GlobalSection(SolutionProperties) = preSolution
		HideSolutionNode = FALSE
	EndGlobalSection
	GlobalSection(ExtensibilityGlobals) = postSolution
		SolutionGuid = {A8CD3C6E-6B8D-4FF1-A8E1-E3EB6046ABD5}
	EndGlobalSection
EndGlobal
